{
  "version": 4,
  "terraform_version": "0.12.13",
  "serial": 181,
  "lineage": "a7732a14-0445-097e-c995-94182a2947aa",
  "outputs": {},
  "resources": [
    {
      "mode": "data",
      "type": "template_file",
      "name": "user_data",
      "provider": "provider.template",
      "instances": [
        {
          "schema_version": 0,
          "attributes": {
            "filename": null,
            "id": "2086f8d57db50b2df7d7e47e96c60df332d2e5651f255256fdd94395ed4dfa4a",
            "rendered": "#cloud-config\n# vim: syntax=yaml\n#\n# ***********************\n# \t---- for more examples look at: ------\n# ---\u003e https://cloudinit.readthedocs.io/en/latest/topics/examples.html\n# ******************************\n#\n# This is the configuration syntax that the write_files module\n# will know how to understand. encoding can be given b64 or gzip or (gz+b64).\n# The content will be decoded accordingly and then written to the path that is\n# provided.\n#\n# Note: Content strings here are truncated for example purposes.\nssh_pwauth: True\nchpasswd:\n  list: |\n     root: ncc1701\n  expire: False\n\nusers:\n  - name: mmagalha # Change me\n    ssh_authorized_keys:\n      - ssh-rsa AAAAB3NzaC1yc2EAAAADAQABAAABgQDkHtzn3Lyc4USFgiHdlvrU096/Gba9c2J7S5GMBN82cYKtOWdyJQ+ZuReOrDtuqS89Z7BAkzuiQ9S9WkS1zmpN0/nawps2hglZ8Ycn8D7lGLhUTPvgu6xyQw4bj0GVb/LkH5LFp7AOnLQdp0ddfHen0m7oPksTcqEbhKNnWT84/a3ez+IpP6Hk/gycoym5aPJwG7FkyIG9VDdpljwvDsjvIAw+owmbX4awc/VNzL0UDE+XGxJ84T3buR84zHbvcvj5K1mh+82Se+38pDBi9fLNjvvzErwQth8XLtGw4fXhLdOdIDAPl+DRktJ4AGr1eqv1ilByjSB3L0Uff/osOA5gCyelGsiy5+RdJKwiPn+vD5+En0o+R6PlTLiuLT3lcS8FNmL/CunkZEEl8DraT0UNWb/zoOnPqkoSJ+7owMqNshLYBTxUPb3ISPpOkczCvbxlzGDg3SrE/SWqjDlr2C+WrVpzHqKlEO30fS4TQAb6JErZCKzR78SVSVedR14Or5c= mmagalha@z1\n    sudo: ['ALL=(ALL) NOPASSWD:ALL']\n    shell: /bin/bash\n    groups: wheel",
            "template": "#cloud-config\n# vim: syntax=yaml\n#\n# ***********************\n# \t---- for more examples look at: ------\n# ---\u003e https://cloudinit.readthedocs.io/en/latest/topics/examples.html\n# ******************************\n#\n# This is the configuration syntax that the write_files module\n# will know how to understand. encoding can be given b64 or gzip or (gz+b64).\n# The content will be decoded accordingly and then written to the path that is\n# provided.\n#\n# Note: Content strings here are truncated for example purposes.\nssh_pwauth: True\nchpasswd:\n  list: |\n     root: ncc1701\n  expire: False\n\nusers:\n  - name: mmagalha # Change me\n    ssh_authorized_keys:\n      - ssh-rsa AAAAB3NzaC1yc2EAAAADAQABAAABgQDkHtzn3Lyc4USFgiHdlvrU096/Gba9c2J7S5GMBN82cYKtOWdyJQ+ZuReOrDtuqS89Z7BAkzuiQ9S9WkS1zmpN0/nawps2hglZ8Ycn8D7lGLhUTPvgu6xyQw4bj0GVb/LkH5LFp7AOnLQdp0ddfHen0m7oPksTcqEbhKNnWT84/a3ez+IpP6Hk/gycoym5aPJwG7FkyIG9VDdpljwvDsjvIAw+owmbX4awc/VNzL0UDE+XGxJ84T3buR84zHbvcvj5K1mh+82Se+38pDBi9fLNjvvzErwQth8XLtGw4fXhLdOdIDAPl+DRktJ4AGr1eqv1ilByjSB3L0Uff/osOA5gCyelGsiy5+RdJKwiPn+vD5+En0o+R6PlTLiuLT3lcS8FNmL/CunkZEEl8DraT0UNWb/zoOnPqkoSJ+7owMqNshLYBTxUPb3ISPpOkczCvbxlzGDg3SrE/SWqjDlr2C+WrVpzHqKlEO30fS4TQAb6JErZCKzR78SVSVedR14Or5c= mmagalha@z1\n    sudo: ['ALL=(ALL) NOPASSWD:ALL']\n    shell: /bin/bash\n    groups: wheel",
            "vars": null
          }
        }
      ]
    },
    {
      "mode": "managed",
      "type": "libvirt_cloudinit_disk",
      "name": "commoninit",
      "provider": "provider.libvirt",
      "instances": [
        {
          "schema_version": 0,
          "attributes": {
            "id": "/kvm/stg1/commoninit.iso;5dde5b9b-4643-1388-444c-8ffcbff95224",
            "meta_data": "",
            "name": "commoninit.iso",
            "network_config": "",
            "pool": "default",
            "user_data": "#cloud-config\n# vim: syntax=yaml\n#\n# ***********************\n# \t---- for more examples look at: ------\n# ---\u003e https://cloudinit.readthedocs.io/en/latest/topics/examples.html\n# ******************************\n#\n# This is the configuration syntax that the write_files module\n# will know how to understand. encoding can be given b64 or gzip or (gz+b64).\n# The content will be decoded accordingly and then written to the path that is\n# provided.\n#\n# Note: Content strings here are truncated for example purposes.\nssh_pwauth: True\nchpasswd:\n  list: |\n     root: ncc1701\n  expire: False\n\nusers:\n  - name: mmagalha # Change me\n    ssh_authorized_keys:\n      - ssh-rsa AAAAB3NzaC1yc2EAAAADAQABAAABgQDkHtzn3Lyc4USFgiHdlvrU096/Gba9c2J7S5GMBN82cYKtOWdyJQ+ZuReOrDtuqS89Z7BAkzuiQ9S9WkS1zmpN0/nawps2hglZ8Ycn8D7lGLhUTPvgu6xyQw4bj0GVb/LkH5LFp7AOnLQdp0ddfHen0m7oPksTcqEbhKNnWT84/a3ez+IpP6Hk/gycoym5aPJwG7FkyIG9VDdpljwvDsjvIAw+owmbX4awc/VNzL0UDE+XGxJ84T3buR84zHbvcvj5K1mh+82Se+38pDBi9fLNjvvzErwQth8XLtGw4fXhLdOdIDAPl+DRktJ4AGr1eqv1ilByjSB3L0Uff/osOA5gCyelGsiy5+RdJKwiPn+vD5+En0o+R6PlTLiuLT3lcS8FNmL/CunkZEEl8DraT0UNWb/zoOnPqkoSJ+7owMqNshLYBTxUPb3ISPpOkczCvbxlzGDg3SrE/SWqjDlr2C+WrVpzHqKlEO30fS4TQAb6JErZCKzR78SVSVedR14Or5c= mmagalha@z1\n    sudo: ['ALL=(ALL) NOPASSWD:ALL']\n    shell: /bin/bash\n    groups: wheel"
          },
          "private": "bnVsbA==",
          "depends_on": [
            "data.template_file.user_data"
          ]
        }
      ]
    },
    {
      "mode": "managed",
      "type": "libvirt_domain",
      "name": "k8node",
      "each": "list",
      "provider": "provider.libvirt",
      "instances": [
        {
          "index_key": 0,
          "schema_version": 0,
          "attributes": {
            "arch": "x86_64",
            "autostart": false,
            "boot_device": [],
            "cloudinit": "/kvm/stg1/commoninit.iso;5dde5b9b-4643-1388-444c-8ffcbff95224",
            "cmdline": null,
            "console": [
              {
                "source_host": "127.0.0.1",
                "source_path": "",
                "source_service": "0",
                "target_port": "0",
                "target_type": "serial",
                "type": "pty"
              }
            ],
            "coreos_ignition": null,
            "cpu": null,
            "disk": [
              {
                "file": "",
                "scsi": false,
                "url": "",
                "volume_id": "/kvm/stg1/k8snode0.qcow2",
                "wwn": ""
              }
            ],
            "emulator": "/usr/libexec/qemu-kvm",
            "filesystem": [],
            "firmware": "",
            "fw_cfg_name": "opt/com.coreos/config",
            "graphics": [
              {
                "autoport": true,
                "listen_address": "127.0.0.1",
                "listen_type": "address",
                "type": "spice"
              }
            ],
            "id": "fc48a47f-89f4-4860-978f-3d633a272206",
            "initrd": "",
            "kernel": "",
            "machine": "pc",
            "memory": 2048,
            "metadata": null,
            "name": "k8node0",
            "network_interface": [
              {
                "addresses": [
                  "10.254.100.253"
                ],
                "bridge": "",
                "hostname": "",
                "mac": "52:54:00:C2:F5:95",
                "macvtap": "",
                "network_id": "933e34c2-ed69-41a7-8a9a-4a5cc0d03d88",
                "network_name": "default",
                "passthrough": "",
                "vepa": "",
                "wait_for_lease": true
              }
            ],
            "nvram": [],
            "qemu_agent": false,
            "running": true,
            "timeouts": null,
            "vcpu": 2,
            "video": [],
            "xml": []
          },
          "private": "eyJlMmJmYjczMC1lY2FhLTExZTYtOGY4OC0zNDM2M2JjN2M0YzAiOnsiY3JlYXRlIjozMDAwMDAwMDAwMDB9fQ==",
          "depends_on": [
            "libvirt_cloudinit_disk.commoninit",
            "libvirt_volume.k8snode-vol"
          ]
        },
        {
          "index_key": 1,
          "schema_version": 0,
          "attributes": {
            "arch": "x86_64",
            "autostart": false,
            "boot_device": [],
            "cloudinit": "/kvm/stg1/commoninit.iso;5dde5b9b-4643-1388-444c-8ffcbff95224",
            "cmdline": null,
            "console": [
              {
                "source_host": "127.0.0.1",
                "source_path": "",
                "source_service": "0",
                "target_port": "0",
                "target_type": "serial",
                "type": "pty"
              }
            ],
            "coreos_ignition": null,
            "cpu": null,
            "disk": [
              {
                "file": "",
                "scsi": false,
                "url": "",
                "volume_id": "/kvm/stg1/k8snode1.qcow2",
                "wwn": ""
              }
            ],
            "emulator": "/usr/libexec/qemu-kvm",
            "filesystem": [],
            "firmware": "",
            "fw_cfg_name": "opt/com.coreos/config",
            "graphics": [
              {
                "autoport": true,
                "listen_address": "127.0.0.1",
                "listen_type": "address",
                "type": "spice"
              }
            ],
            "id": "38fce04a-57e0-457a-98ae-391cd6e830da",
            "initrd": "",
            "kernel": "",
            "machine": "pc",
            "memory": 2048,
            "metadata": null,
            "name": "k8node1",
            "network_interface": [
              {
                "addresses": [
                  "10.254.100.175"
                ],
                "bridge": "",
                "hostname": "",
                "mac": "52:54:00:5E:D6:7A",
                "macvtap": "",
                "network_id": "933e34c2-ed69-41a7-8a9a-4a5cc0d03d88",
                "network_name": "default",
                "passthrough": "",
                "vepa": "",
                "wait_for_lease": true
              }
            ],
            "nvram": [],
            "qemu_agent": false,
            "running": true,
            "timeouts": null,
            "vcpu": 2,
            "video": [],
            "xml": []
          },
          "private": "eyJlMmJmYjczMC1lY2FhLTExZTYtOGY4OC0zNDM2M2JjN2M0YzAiOnsiY3JlYXRlIjozMDAwMDAwMDAwMDB9fQ==",
          "depends_on": [
            "libvirt_cloudinit_disk.commoninit",
            "libvirt_volume.k8snode-vol"
          ]
        },
        {
          "index_key": 2,
          "schema_version": 0,
          "attributes": {
            "arch": "x86_64",
            "autostart": false,
            "boot_device": [],
            "cloudinit": "/kvm/stg1/commoninit.iso;5dde5b9b-4643-1388-444c-8ffcbff95224",
            "cmdline": null,
            "console": [
              {
                "source_host": "127.0.0.1",
                "source_path": "",
                "source_service": "0",
                "target_port": "0",
                "target_type": "serial",
                "type": "pty"
              }
            ],
            "coreos_ignition": null,
            "cpu": null,
            "disk": [
              {
                "file": "",
                "scsi": false,
                "url": "",
                "volume_id": "/kvm/stg1/k8snode2.qcow2",
                "wwn": ""
              }
            ],
            "emulator": "/usr/libexec/qemu-kvm",
            "filesystem": [],
            "firmware": "",
            "fw_cfg_name": "opt/com.coreos/config",
            "graphics": [
              {
                "autoport": true,
                "listen_address": "127.0.0.1",
                "listen_type": "address",
                "type": "spice"
              }
            ],
            "id": "b8b3d380-14fc-4623-908b-8c9f9c05fdf8",
            "initrd": "",
            "kernel": "",
            "machine": "pc",
            "memory": 2048,
            "metadata": null,
            "name": "k8node2",
            "network_interface": [
              {
                "addresses": [
                  "10.254.100.210"
                ],
                "bridge": "",
                "hostname": "",
                "mac": "52:54:00:12:09:91",
                "macvtap": "",
                "network_id": "933e34c2-ed69-41a7-8a9a-4a5cc0d03d88",
                "network_name": "default",
                "passthrough": "",
                "vepa": "",
                "wait_for_lease": true
              }
            ],
            "nvram": [],
            "qemu_agent": false,
            "running": true,
            "timeouts": null,
            "vcpu": 2,
            "video": [],
            "xml": []
          },
          "private": "eyJlMmJmYjczMC1lY2FhLTExZTYtOGY4OC0zNDM2M2JjN2M0YzAiOnsiY3JlYXRlIjozMDAwMDAwMDAwMDB9fQ==",
          "depends_on": [
            "libvirt_cloudinit_disk.commoninit",
            "libvirt_volume.k8snode-vol"
          ]
        }
      ]
    },
    {
      "mode": "managed",
      "type": "libvirt_domain",
      "name": "k8smaster",
      "provider": "provider.libvirt",
      "instances": [
        {
          "schema_version": 0,
          "attributes": {
            "arch": "x86_64",
            "autostart": false,
            "boot_device": [],
            "cloudinit": "/kvm/stg1/commoninit.iso;5dde5b9b-4643-1388-444c-8ffcbff95224",
            "cmdline": null,
            "console": [
              {
                "source_host": "127.0.0.1",
                "source_path": "",
                "source_service": "0",
                "target_port": "0",
                "target_type": "serial",
                "type": "pty"
              }
            ],
            "coreos_ignition": null,
            "cpu": null,
            "disk": [
              {
                "file": "",
                "scsi": false,
                "url": "",
                "volume_id": "/kvm/stg1/k8smaster.qcow2",
                "wwn": ""
              }
            ],
            "emulator": "/usr/libexec/qemu-kvm",
            "filesystem": [],
            "firmware": "",
            "fw_cfg_name": "opt/com.coreos/config",
            "graphics": [
              {
                "autoport": true,
                "listen_address": "127.0.0.1",
                "listen_type": "address",
                "type": "spice"
              }
            ],
            "id": "16801946-ca6e-4e13-970f-cfdddf5bbc38",
            "initrd": "",
            "kernel": "",
            "machine": "pc",
            "memory": 2048,
            "metadata": null,
            "name": "k8smaster",
            "network_interface": [
              {
                "addresses": [
                  "10.254.100.223"
                ],
                "bridge": "",
                "hostname": "",
                "mac": "52:54:00:4A:E5:6A",
                "macvtap": "",
                "network_id": "933e34c2-ed69-41a7-8a9a-4a5cc0d03d88",
                "network_name": "default",
                "passthrough": "",
                "vepa": "",
                "wait_for_lease": true
              }
            ],
            "nvram": [],
            "qemu_agent": false,
            "running": true,
            "timeouts": null,
            "vcpu": 2,
            "video": [],
            "xml": []
          },
          "private": "eyJlMmJmYjczMC1lY2FhLTExZTYtOGY4OC0zNDM2M2JjN2M0YzAiOnsiY3JlYXRlIjozMDAwMDAwMDAwMDB9fQ==",
          "depends_on": [
            "libvirt_cloudinit_disk.commoninit",
            "libvirt_volume.k8smaster-qcow2"
          ]
        }
      ]
    },
    {
      "mode": "managed",
      "type": "libvirt_volume",
      "name": "k8smaster-qcow2",
      "provider": "provider.libvirt",
      "instances": [
        {
          "schema_version": 0,
          "attributes": {
            "base_volume_id": "/kvm/stg1/ubuntu-cloud",
            "base_volume_name": null,
            "base_volume_pool": null,
            "format": "qcow2",
            "id": "/kvm/stg1/k8smaster.qcow2",
            "name": "k8smaster.qcow2",
            "pool": "default",
            "size": 10000000000,
            "source": null,
            "xml": []
          },
          "private": "bnVsbA==",
          "depends_on": [
            "libvirt_volume.ubuntu-cloud"
          ]
        }
      ]
    },
    {
      "mode": "managed",
      "type": "libvirt_volume",
      "name": "k8snode-vol",
      "each": "list",
      "provider": "provider.libvirt",
      "instances": [
        {
          "index_key": 0,
          "schema_version": 0,
          "attributes": {
            "base_volume_id": "/kvm/stg1/ubuntu-cloud",
            "base_volume_name": null,
            "base_volume_pool": null,
            "format": "qcow2",
            "id": "/kvm/stg1/k8snode0.qcow2",
            "name": "k8snode0.qcow2",
            "pool": "default",
            "size": 10000000000,
            "source": null,
            "xml": []
          },
          "private": "bnVsbA==",
          "depends_on": [
            "libvirt_volume.ubuntu-cloud"
          ]
        },
        {
          "index_key": 1,
          "schema_version": 0,
          "attributes": {
            "base_volume_id": "/kvm/stg1/ubuntu-cloud",
            "base_volume_name": null,
            "base_volume_pool": null,
            "format": "qcow2",
            "id": "/kvm/stg1/k8snode1.qcow2",
            "name": "k8snode1.qcow2",
            "pool": "default",
            "size": 10000000000,
            "source": null,
            "xml": []
          },
          "private": "bnVsbA==",
          "depends_on": [
            "libvirt_volume.ubuntu-cloud"
          ]
        },
        {
          "index_key": 2,
          "schema_version": 0,
          "attributes": {
            "base_volume_id": "/kvm/stg1/ubuntu-cloud",
            "base_volume_name": null,
            "base_volume_pool": null,
            "format": "qcow2",
            "id": "/kvm/stg1/k8snode2.qcow2",
            "name": "k8snode2.qcow2",
            "pool": "default",
            "size": 10000000000,
            "source": null,
            "xml": []
          },
          "private": "bnVsbA==",
          "depends_on": [
            "libvirt_volume.ubuntu-cloud"
          ]
        }
      ]
    },
    {
      "mode": "managed",
      "type": "libvirt_volume",
      "name": "ubuntu-cloud",
      "provider": "provider.libvirt",
      "instances": [
        {
          "schema_version": 0,
          "attributes": {
            "base_volume_id": null,
            "base_volume_name": null,
            "base_volume_pool": null,
            "format": "qcow2",
            "id": "/kvm/stg1/ubuntu-cloud",
            "name": "ubuntu-cloud",
            "pool": "default",
            "size": 2361393152,
            "source": "bionic-server-cloudimg-amd64.img",
            "xml": []
          },
          "private": "bnVsbA=="
        }
      ]
    }
  ]
}
